
Microsoft Visual Studio Solution File, Format Version 11.00
# Visual Studio 2010
Project("{8BC9CEB8-8B4A-11D0-8D11-00A0C91BC942}") = "3DEditor", "3DEditor\3DEditor.vcxproj", "{C848C685-2729-465E-A8C5-05F07DB3C603}"
	ProjectSection(ProjectDependencies) = postProject
		{470C02D3-14AA-4FFB-913E-D7FFA275954F} = {470C02D3-14AA-4FFB-913E-D7FFA275954F}
		{1EA0F7E7-23F0-439E-A104-517CEABB4DFE} = {1EA0F7E7-23F0-439E-A104-517CEABB4DFE}
	EndProjectSection
EndProject
Project("{8BC9CEB8-8B4A-11D0-8D11-00A0C91BC942}") = "Controls", "Controls\Controls.vcxproj", "{470C02D3-14AA-4FFB-913E-D7FFA275954F}"
EndProject
Project("{8BC9CEB8-8B4A-11D0-8D11-00A0C91BC942}") = "3DEngine", "3DEngine\3DEngine.vcxproj", "{1EA0F7E7-23F0-439E-A104-517CEABB4DFE}"
	ProjectSection(ProjectDependencies) = postProject
		{470C02D3-14AA-4FFB-913E-D7FFA275954F} = {470C02D3-14AA-4FFB-913E-D7FFA275954F}
	EndProjectSection
EndProject
Global
	GlobalSection(SolutionConfigurationPlatforms) = preSolution
		Debug|Win32 = Debug|Win32
		Release|Win32 = Release|Win32
	EndGlobalSection
	GlobalSection(ProjectConfigurationPlatforms) = postSolution
		{C848C685-2729-465E-A8C5-05F07DB3C603}.Debug|Win32.ActiveCfg = Debug|Win32
		{C848C685-2729-465E-A8C5-05F07DB3C603}.Debug|Win32.Build.0 = Debug|Win32
		{C848C685-2729-465E-A8C5-05F07DB3C603}.Release|Win32.ActiveCfg = Release|Win32
		{C848C685-2729-465E-A8C5-05F07DB3C603}.Release|Win32.Build.0 = Release|Win32
		{470C02D3-14AA-4FFB-913E-D7FFA275954F}.Debug|Win32.ActiveCfg = Debug|Win32
		{470C02D3-14AA-4FFB-913E-D7FFA275954F}.Debug|Win32.Build.0 = Debug|Win32
		{470C02D3-14AA-4FFB-913E-D7FFA275954F}.Release|Win32.ActiveCfg = Release|Win32
		{470C02D3-14AA-4FFB-913E-D7FFA275954F}.Release|Win32.Build.0 = Release|Win32
		{1EA0F7E7-23F0-439E-A104-517CEABB4DFE}.Debug|Win32.ActiveCfg = Debug|Win32
		{1EA0F7E7-23F0-439E-A104-517CEABB4DFE}.Debug|Win32.Build.0 = Debug|Win32
		{1EA0F7E7-23F0-439E-A104-517CEABB4DFE}.Release|Win32.ActiveCfg = Release|Win32
		{1EA0F7E7-23F0-439E-A104-517CEABB4DFE}.Release|Win32.Build.0 = Release|Win32
	EndGlobalSection
	GlobalSection(SolutionProperties) = preSolution
		HideSolutionNode = FALSE
	EndGlobalSection
EndGlobal
